{
  "name": "graphql",
  "version": "1.0.0",
  "lockfileVersion": 2,
  "requires": true,
  "packages": {
    "": {
      "name": "graphql",
      "version": "1.0.0",
      "license": "ISC",
      "dependencies": {
        "apollo-freshteam": "file:../../../lib"
      }
    },
    "../../..": {
      "name": "jiva-apollo-freshteam",
      "version": "1.0.0",
      "license": "ISC",
      "dependencies": {
        "apollo-freshteam": "file:lib",
        "graphql": "^16.6.0"
      }
    },
    "../../../lib": {
      "name": "apollo-freshteam",
      "version": "1.0.0",
      "license": "ISC",
      "dependencies": {
        "apollo-server": "^3.10.2",
        "axios": "^0.27.2",
        "dataloader": "^2.1.0",
        "graphql": "^16.6.0",
        "parse-link-header": "^2.0.0"
      }
    },
    "node_modules/apollo-freshteam": {
      "resolved": "../../../lib",
      "link": true
    }
  },
  "dependencies": {
    "apollo-freshteam": {
      "version": "file:../../../lib",
      "requires": {
        "apollo-server": "^3.10.2",
        "axios": "^0.27.2",
        "dataloader": "^2.1.0",
        "graphql": "^16.6.0",
        "parse-link-header": "^2.0.0"
      }
    }
  }
}
